
Microsoft Visual Studio Solution File, Format Version 12.00
# Visual Studio Version 17
VisualStudioVersion = 17.0.32014.148
MinimumVisualStudioVersion = 10.0.40219.1
Project("{888888A0-9F3D-457C-B088-3A5042F75D52}") = "Build", "Build\Build.pyproj", "{51509A56-CE4F-43CA-B6D7-F3379792D653}"
EndProject
Global
	GlobalSection(SolutionConfigurationPlatforms) = preSolution
		Debug|Any CPU = Debug|Any CPU
		Release|Any CPU = Release|Any CPU
	EndGlobalSection
	GlobalSection(ProjectConfigurationPlatforms) = postSolution
		{51509A56-CE4F-43CA-B6D7-F3379792D653}.Debug|Any CPU.ActiveCfg = Debug|Any CPU
		{51509A56-CE4F-43CA-B6D7-F3379792D653}.Debug|Any CPU.Build.0 = Debug|Any CPU
		{51509A56-CE4F-43CA-B6D7-F3379792D653}.Release|Any CPU.ActiveCfg = Release|Any CPU
		{51509A56-CE4F-43CA-B6D7-F3379792D653}.Release|Any CPU.Build.0 = Release|Any CPU
	EndGlobalSection
	GlobalSection(SolutionProperties) = preSolution
		HideSolutionNode = FALSE
	EndGlobalSection
	GlobalSection(ExtensibilityGlobals) = postSolution
		SolutionGuid = {63F31939-B1BB-43A0-B2FA-08D5B02EBD96}
	EndGlobalSection
EndGlobal
